
Microsoft Visual Studio Solution File, Format Version 11.00
# Visual Studio 2010
# SharpDevelop 4.1.0.7915
Project("{FAE04EC0-301F-11D3-BF4B-00C04F79EFBC}") = "csharp-comicviewer", "csharp-comicviewer\csharp-comicviewer.csproj", "{DBAF8DE0-D6C8-43AA-A3FE-2F5375B7D9C1}"
EndProject
Global
	GlobalSection(SolutionConfigurationPlatforms) = preSolution
		Debug|Any CPU = Debug|Any CPU
		Release|Any CPU = Release|Any CPU
	EndGlobalSection
	GlobalSection(ProjectConfigurationPlatforms) = postSolution
		{DBAF8DE0-D6C8-43AA-A3FE-2F5375B7D9C1}.Debug|Any CPU.ActiveCfg = Debug|Any CPU
		{DBAF8DE0-D6C8-43AA-A3FE-2F5375B7D9C1}.Debug|Any CPU.Build.0 = Debug|Any CPU
		{DBAF8DE0-D6C8-43AA-A3FE-2F5375B7D9C1}.Release|Any CPU.ActiveCfg = Release|Any CPU
		{DBAF8DE0-D6C8-43AA-A3FE-2F5375B7D9C1}.Release|Any CPU.Build.0 = Release|Any CPU
	EndGlobalSection
	GlobalSection(SolutionProperties) = preSolution
		HideSolutionNode = FALSE
	EndGlobalSection
EndGlobal
